// !$*UTF8*$!
{
	archiveVersion = 1;
	classes = {
	};
	objectVersion = 55;
	objects = {

/* Begin PBXBuildFile section */
		05146E5C23AB24DC274FBFF5 /* Pods_project_1971082.framework in Frameworks */ = {isa = PBXBuildFile; fileRef = A42774958CCBAAC40829DBBC /* Pods_project_1971082.framework */; };
		E07D55D3281004910049386F /* AppDelegate.swift in Sources */ = {isa = PBXBuildFile; fileRef = E07D55D2281004910049386F /* AppDelegate.swift */; };
		E07D55D5281004910049386F /* SceneDelegate.swift in Sources */ = {isa = PBXBuildFile; fileRef = E07D55D4281004910049386F /* SceneDelegate.swift */; };
		E07D55D7281004910049386F /* PlanGroupViewController.swift in Sources */ = {isa = PBXBuildFile; fileRef = E07D55D6281004910049386F /* PlanGroupViewController.swift */; };
		E07D55DA281004910049386F /* Main.storyboard in Resources */ = {isa = PBXBuildFile; fileRef = E07D55D8281004910049386F /* Main.storyboard */; };
		E07D55DC281004930049386F /* Assets.xcassets in Resources */ = {isa = PBXBuildFile; fileRef = E07D55DB281004930049386F /* Assets.xcassets */; };
		E07D55DF281004930049386F /* LaunchScreen.storyboard in Resources */ = {isa = PBXBuildFile; fileRef = E07D55DD281004930049386F /* LaunchScreen.storyboard */; };
		E07D55E72810058A0049386F /* PlanGroup.swift in Sources */ = {isa = PBXBuildFile; fileRef = E07D55E62810058A0049386F /* PlanGroup.swift */; };
		E07D55E9281006280049386F /* Plan.swift in Sources */ = {isa = PBXBuildFile; fileRef = E07D55E8281006280049386F /* Plan.swift */; };
		E07D55EB2810084E0049386F /* Database.swift in Sources */ = {isa = PBXBuildFile; fileRef = E07D55EA2810084E0049386F /* Database.swift */; };
		E07D91B228101B0600D6D8DA /* ExtendedDate.swift in Sources */ = {isa = PBXBuildFile; fileRef = E07D91B128101B0600D6D8DA /* ExtendedDate.swift */; };
		E0A0FECC2828C8510035386D /* GoogleService-Info.plist in Resources */ = {isa = PBXBuildFile; fileRef = E0A0FECB2828C8510035386D /* GoogleService-Info.plist */; };
		E0A80F41282281CC0088F482 /* ImageCollectionViewCell.swift in Sources */ = {isa = PBXBuildFile; fileRef = E0A80F40282281CC0088F482 /* ImageCollectionViewCell.swift */; };
		E0A80F43282283800088F482 /* AlbumDetailViewController.swift in Sources */ = {isa = PBXBuildFile; fileRef = E0A80F42282283800088F482 /* AlbumDetailViewController.swift */; };
		E0A9D8682836467E0041637B /* LoginViewController.swift in Sources */ = {isa = PBXBuildFile; fileRef = E0A9D8672836467E0041637B /* LoginViewController.swift */; };
		E0A9D86A28364ED20041637B /* Login.storyboard in Resources */ = {isa = PBXBuildFile; fileRef = E0A9D86928364ED20041637B /* Login.storyboard */; };
		E0A9D86C28364F3D0041637B /* SignupViewController.swift in Sources */ = {isa = PBXBuildFile; fileRef = E0A9D86B28364F3D0041637B /* SignupViewController.swift */; };
		E0A9D86E28373B7A0041637B /* ExtendedArray.swift in Sources */ = {isa = PBXBuildFile; fileRef = E0A9D86D28373B7A0041637B /* ExtendedArray.swift */; };
		E0A9D87B2837DCD70041637B /* apple.jpg in Resources */ = {isa = PBXBuildFile; fileRef = E0A9D8732837DCC10041637B /* apple.jpg */; };
		E0A9D8842837E6780041637B /* logo_signUp.png in Resources */ = {isa = PBXBuildFile; fileRef = E0A9D87E2837E6780041637B /* logo_signUp.png */; };
		E0A9D8852837E6780041637B /* back.jpg in Resources */ = {isa = PBXBuildFile; fileRef = E0A9D87F2837E6780041637B /* back.jpg */; };
		E0A9D8862837E6780041637B /* logo.png in Resources */ = {isa = PBXBuildFile; fileRef = E0A9D8802837E6780041637B /* logo.png */; };
		E0A9D8872837E6780041637B /* plusBtn.png in Resources */ = {isa = PBXBuildFile; fileRef = E0A9D8812837E6780041637B /* plusBtn.png */; };
		E0A9D8882837E6780041637B /* logo_full.png in Resources */ = {isa = PBXBuildFile; fileRef = E0A9D8822837E6780041637B /* logo_full.png */; };
		E0B4BF5C2838E951007DA85E /* logout.png in Resources */ = {isa = PBXBuildFile; fileRef = E0B4BF5B2838E951007DA85E /* logout.png */; };
		E0B4BF602838EEEF007DA85E /* logo_full_white.png in Resources */ = {isa = PBXBuildFile; fileRef = E0B4BF5D2838EEEF007DA85E /* logo_full_white.png */; };
		E0B4BF652838F87D007DA85E /* logo_2x.png in Resources */ = {isa = PBXBuildFile; fileRef = E0B4BF632838F87D007DA85E /* logo_2x.png */; };
		E0B4BF662838F87D007DA85E /* logo_3x.png in Resources */ = {isa = PBXBuildFile; fileRef = E0B4BF642838F87D007DA85E /* logo_3x.png */; };
		E0B4BF692838FBF4007DA85E /* InfoPlist.strings in Resources */ = {isa = PBXBuildFile; fileRef = E0B4BF6B2838FBF4007DA85E /* InfoPlist.strings */; };
		E0C2346D2837F36D00B73D99 /* ExtendedUIImage.swift in Sources */ = {isa = PBXBuildFile; fileRef = E0C2346C2837F36D00B73D99 /* ExtendedUIImage.swift */; };
		E0F972C828292A540028B47F /* DbFirebase.swift in Sources */ = {isa = PBXBuildFile; fileRef = E0F972C728292A540028B47F /* DbFirebase.swift */; };
		E0FEC71A281A336200C9F042 /* PlanDetailViewController.swift in Sources */ = {isa = PBXBuildFile; fileRef = E0FEC719281A336200C9F042 /* PlanDetailViewController.swift */; };
/* End PBXBuildFile section */

/* Begin PBXFileReference section */
		44E271CDEC287197A5A680EE /* Pods-project-1971082.debug.xcconfig */ = {isa = PBXFileReference; includeInIndex = 1; lastKnownFileType = text.xcconfig; name = "Pods-project-1971082.debug.xcconfig"; path = "Target Support Files/Pods-project-1971082/Pods-project-1971082.debug.xcconfig"; sourceTree = "<group>"; };
		A42774958CCBAAC40829DBBC /* Pods_project_1971082.framework */ = {isa = PBXFileReference; explicitFileType = wrapper.framework; includeInIndex = 0; path = Pods_project_1971082.framework; sourceTree = BUILT_PRODUCTS_DIR; };
		E07D55CF281004910049386F /* project-소스코드-1971082-김다연.app */ = {isa = PBXFileReference; explicitFileType = wrapper.application; includeInIndex = 0; path = "project-소스코드-1971082-김다연.app"; sourceTree = BUILT_PRODUCTS_DIR; };
		E07D55D2281004910049386F /* AppDelegate.swift */ = {isa = PBXFileReference; lastKnownFileType = sourcecode.swift; path = AppDelegate.swift; sourceTree = "<group>"; };
		E07D55D4281004910049386F /* SceneDelegate.swift */ = {isa = PBXFileReference; lastKnownFileType = sourcecode.swift; path = SceneDelegate.swift; sourceTree = "<group>"; };
		E07D55D6281004910049386F /* PlanGroupViewController.swift */ = {isa = PBXFileReference; lastKnownFileType = sourcecode.swift; path = PlanGroupViewController.swift; sourceTree = "<group>"; };
		E07D55D9281004910049386F /* Base */ = {isa = PBXFileReference; lastKnownFileType = file.storyboard; name = Base; path = Base.lproj/Main.storyboard; sourceTree = "<group>"; };
		E07D55DB281004930049386F /* Assets.xcassets */ = {isa = PBXFileReference; lastKnownFileType = folder.assetcatalog; path = Assets.xcassets; sourceTree = "<group>"; };
		E07D55DE281004930049386F /* Base */ = {isa = PBXFileReference; lastKnownFileType = file.storyboard; name = Base; path = Base.lproj/LaunchScreen.storyboard; sourceTree = "<group>"; };
		E07D55E0281004930049386F /* Info.plist */ = {isa = PBXFileReference; lastKnownFileType = text.plist.xml; path = Info.plist; sourceTree = "<group>"; };
		E07D55E62810058A0049386F /* PlanGroup.swift */ = {isa = PBXFileReference; lastKnownFileType = sourcecode.swift; path = PlanGroup.swift; sourceTree = "<group>"; };
		E07D55E8281006280049386F /* Plan.swift */ = {isa = PBXFileReference; lastKnownFileType = sourcecode.swift; path = Plan.swift; sourceTree = "<group>"; };
		E07D55EA2810084E0049386F /* Database.swift */ = {isa = PBXFileReference; lastKnownFileType = sourcecode.swift; path = Database.swift; sourceTree = "<group>"; };
		E07D91B128101B0600D6D8DA /* ExtendedDate.swift */ = {isa = PBXFileReference; lastKnownFileType = sourcecode.swift; path = ExtendedDate.swift; sourceTree = "<group>"; };
		E0A0FECB2828C8510035386D /* GoogleService-Info.plist */ = {isa = PBXFileReference; fileEncoding = 4; lastKnownFileType = text.plist.xml; path = "GoogleService-Info.plist"; sourceTree = "<group>"; };
		E0A80F40282281CC0088F482 /* ImageCollectionViewCell.swift */ = {isa = PBXFileReference; fileEncoding = 4; lastKnownFileType = sourcecode.swift; path = ImageCollectionViewCell.swift; sourceTree = "<group>"; };
		E0A80F42282283800088F482 /* AlbumDetailViewController.swift */ = {isa = PBXFileReference; fileEncoding = 4; lastKnownFileType = sourcecode.swift; path = AlbumDetailViewController.swift; sourceTree = "<group>"; };
		E0A9D8672836467E0041637B /* LoginViewController.swift */ = {isa = PBXFileReference; lastKnownFileType = sourcecode.swift; path = LoginViewController.swift; sourceTree = "<group>"; };
		E0A9D86928364ED20041637B /* Login.storyboard */ = {isa = PBXFileReference; lastKnownFileType = file.storyboard; path = Login.storyboard; sourceTree = "<group>"; };
		E0A9D86B28364F3D0041637B /* SignupViewController.swift */ = {isa = PBXFileReference; lastKnownFileType = sourcecode.swift; path = SignupViewController.swift; sourceTree = "<group>"; };
		E0A9D86D28373B7A0041637B /* ExtendedArray.swift */ = {isa = PBXFileReference; lastKnownFileType = sourcecode.swift; path = ExtendedArray.swift; sourceTree = "<group>"; };
		E0A9D8732837DCC10041637B /* apple.jpg */ = {isa = PBXFileReference; lastKnownFileType = image.jpeg; path = apple.jpg; sourceTree = "<group>"; };
		E0A9D87E2837E6780041637B /* logo_signUp.png */ = {isa = PBXFileReference; lastKnownFileType = image.png; path = logo_signUp.png; sourceTree = "<group>"; };
		E0A9D87F2837E6780041637B /* back.jpg */ = {isa = PBXFileReference; lastKnownFileType = image.jpeg; path = back.jpg; sourceTree = "<group>"; };
		E0A9D8802837E6780041637B /* logo.png */ = {isa = PBXFileReference; lastKnownFileType = image.png; path = logo.png; sourceTree = "<group>"; };
		E0A9D8812837E6780041637B /* plusBtn.png */ = {isa = PBXFileReference; lastKnownFileType = image.png; path = plusBtn.png; sourceTree = "<group>"; };
		E0A9D8822837E6780041637B /* logo_full.png */ = {isa = PBXFileReference; lastKnownFileType = image.png; path = logo_full.png; sourceTree = "<group>"; };
		E0B4BF5B2838E951007DA85E /* logout.png */ = {isa = PBXFileReference; lastKnownFileType = image.png; path = logout.png; sourceTree = "<group>"; };
		E0B4BF5D2838EEEF007DA85E /* logo_full_white.png */ = {isa = PBXFileReference; lastKnownFileType = image.png; path = logo_full_white.png; sourceTree = "<group>"; };
		E0B4BF632838F87D007DA85E /* logo_2x.png */ = {isa = PBXFileReference; lastKnownFileType = image.png; path = logo_2x.png; sourceTree = "<group>"; };
		E0B4BF642838F87D007DA85E /* logo_3x.png */ = {isa = PBXFileReference; lastKnownFileType = image.png; path = logo_3x.png; sourceTree = "<group>"; };
		E0B4BF6A2838FBF4007DA85E /* en */ = {isa = PBXFileReference; lastKnownFileType = text.plist.strings; name = en; path = en.lproj/InfoPlist.strings; sourceTree = "<group>"; };
		E0B4BF6F283904AC007DA85E /* ko */ = {isa = PBXFileReference; lastKnownFileType = text.plist.strings; name = ko; path = ko.lproj/LaunchScreen.strings; sourceTree = "<group>"; };
		E0B4BF70283904AC007DA85E /* ko */ = {isa = PBXFileReference; lastKnownFileType = text.plist.strings; name = ko; path = ko.lproj/Main.strings; sourceTree = "<group>"; };
		E0B4BF71283904B9007DA85E /* ko */ = {isa = PBXFileReference; lastKnownFileType = text.plist.strings; name = ko; path = ko.lproj/InfoPlist.strings; sourceTree = "<group>"; };
		E0C2346C2837F36D00B73D99 /* ExtendedUIImage.swift */ = {isa = PBXFileReference; lastKnownFileType = sourcecode.swift; path = ExtendedUIImage.swift; sourceTree = "<group>"; };
		E0F972C728292A540028B47F /* DbFirebase.swift */ = {isa = PBXFileReference; lastKnownFileType = sourcecode.swift; path = DbFirebase.swift; sourceTree = "<group>"; };
		E0FEC719281A336200C9F042 /* PlanDetailViewController.swift */ = {isa = PBXFileReference; lastKnownFileType = sourcecode.swift; path = PlanDetailViewController.swift; sourceTree = "<group>"; };
		FFC632C909B3B7C3259E3F04 /* Pods-project-1971082.release.xcconfig */ = {isa = PBXFileReference; includeInIndex = 1; lastKnownFileType = text.xcconfig; name = "Pods-project-1971082.release.xcconfig"; path = "Target Support Files/Pods-project-1971082/Pods-project-1971082.release.xcconfig"; sourceTree = "<group>"; };
/* End PBXFileReference section */

/* Begin PBXFrameworksBuildPhase section */
		E07D55CC281004910049386F /* Frameworks */ = {
			isa = PBXFrameworksBuildPhase;
			buildActionMask = 2147483647;
			files = (
				05146E5C23AB24DC274FBFF5 /* Pods_project_1971082.framework in Frameworks */,
			);
			runOnlyForDeploymentPostprocessing = 0;
		};
/* End PBXFrameworksBuildPhase section */

/* Begin PBXGroup section */
		1863E6056664BF448EE9EC3A /* Frameworks */ = {
			isa = PBXGroup;
			children = (
				A42774958CCBAAC40829DBBC /* Pods_project_1971082.framework */,
			);
			name = Frameworks;
			sourceTree = "<group>";
		};
		9BE25AD85EBA3C345AF3583E /* Pods */ = {
			isa = PBXGroup;
			children = (
				44E271CDEC287197A5A680EE /* Pods-project-1971082.debug.xcconfig */,
				FFC632C909B3B7C3259E3F04 /* Pods-project-1971082.release.xcconfig */,
			);
			path = Pods;
			sourceTree = "<group>";
		};
		E07D55C6281004910049386F = {
			isa = PBXGroup;
			children = (
				E0B4BF6B2838FBF4007DA85E /* InfoPlist.strings */,
				E07D55D1281004910049386F /* project-소스코드-1971082-김다연 */,
				E07D55D0281004910049386F /* Products */,
				9BE25AD85EBA3C345AF3583E /* Pods */,
				1863E6056664BF448EE9EC3A /* Frameworks */,
			);
			sourceTree = "<group>";
		};
		E07D55D0281004910049386F /* Products */ = {
			isa = PBXGroup;
			children = (
				E07D55CF281004910049386F /* project-소스코드-1971082-김다연.app */,
			);
			name = Products;
			sourceTree = "<group>";
		};
		E07D55D1281004910049386F /* project-소스코드-1971082-김다연 */ = {
			isa = PBXGroup;
			children = (
				E07D55DD281004930049386F /* LaunchScreen.storyboard */,
				E0A9D86928364ED20041637B /* Login.storyboard */,
				E07D55D8281004910049386F /* Main.storyboard */,
				E07D55D2281004910049386F /* AppDelegate.swift */,
				E07D55D4281004910049386F /* SceneDelegate.swift */,
				E0A9D8672836467E0041637B /* LoginViewController.swift */,
				E0A9D86B28364F3D0041637B /* SignupViewController.swift */,
				E07D55E8281006280049386F /* Plan.swift */,
				E07D55E62810058A0049386F /* PlanGroup.swift */,
				E07D55D6281004910049386F /* PlanGroupViewController.swift */,
				E0FEC719281A336200C9F042 /* PlanDetailViewController.swift */,
				E0A80F42282283800088F482 /* AlbumDetailViewController.swift */,
				E0A80F40282281CC0088F482 /* ImageCollectionViewCell.swift */,
				E07D55EA2810084E0049386F /* Database.swift */,
				E0F972C728292A540028B47F /* DbFirebase.swift */,
				E0A9D86D28373B7A0041637B /* ExtendedArray.swift */,
				E07D91B128101B0600D6D8DA /* ExtendedDate.swift */,
				E0C2346C2837F36D00B73D99 /* ExtendedUIImage.swift */,
				E07D55DB281004930049386F /* Assets.xcassets */,
				E07D55E0281004930049386F /* Info.plist */,
				E0A0FECB2828C8510035386D /* GoogleService-Info.plist */,
				E0A9D8732837DCC10041637B /* apple.jpg */,
				E0A9D8802837E6780041637B /* logo.png */,
				E0B4BF632838F87D007DA85E /* logo_2x.png */,
				E0B4BF642838F87D007DA85E /* logo_3x.png */,
				E0A9D8822837E6780041637B /* logo_full.png */,
				E0B4BF5D2838EEEF007DA85E /* logo_full_white.png */,
				E0A9D87E2837E6780041637B /* logo_signUp.png */,
				E0A9D87F2837E6780041637B /* back.jpg */,
				E0B4BF5B2838E951007DA85E /* logout.png */,
				E0A9D8812837E6780041637B /* plusBtn.png */,
			);
			path = "project-소스코드-1971082-김다연";
			sourceTree = "<group>";
		};
/* End PBXGroup section */

/* Begin PBXNativeTarget section */
		E07D55CE281004910049386F /* project-소스코드-1971082-김다연 */ = {
			isa = PBXNativeTarget;
			buildConfigurationList = E07D55E3281004930049386F /* Build configuration list for PBXNativeTarget "project-소스코드-1971082-김다연" */;
			buildPhases = (
				628D97B195A36549BAA8CB60 /* [CP] Check Pods Manifest.lock */,
				E07D55CB281004910049386F /* Sources */,
				E07D55CC281004910049386F /* Frameworks */,
				E07D55CD281004910049386F /* Resources */,
				16F64A6FB07278898ADEFBB4 /* [CP] Embed Pods Frameworks */,
			);
			buildRules = (
			);
			dependencies = (
			);
			name = "project-소스코드-1971082-김다연";
			productName = "ch09-1971082-tableView";
			productReference = E07D55CF281004910049386F /* project-소스코드-1971082-김다연.app */;
			productType = "com.apple.product-type.application";
		};
/* End PBXNativeTarget section */

/* Begin PBXProject section */
		E07D55C7281004910049386F /* Project object */ = {
			isa = PBXProject;
			attributes = {
				BuildIndependentTargetsInParallel = 1;
				LastSwiftUpdateCheck = 1330;
				LastUpgradeCheck = 1330;
				TargetAttributes = {
					E07D55CE281004910049386F = {
						CreatedOnToolsVersion = 13.3;
					};
				};
			};
			buildConfigurationList = E07D55CA281004910049386F /* Build configuration list for PBXProject "project-소스코드-1971082-김다연" */;
			compatibilityVersion = "Xcode 13.0";
			developmentRegion = en;
			hasScannedForEncodings = 0;
			knownRegions = (
				en,
				Base,
				ko,
			);
			mainGroup = E07D55C6281004910049386F;
			productRefGroup = E07D55D0281004910049386F /* Products */;
			projectDirPath = "";
			projectRoot = "";
			targets = (
				E07D55CE281004910049386F /* project-소스코드-1971082-김다연 */,
			);
		};
/* End PBXProject section */

/* Begin PBXResourcesBuildPhase section */
		E07D55CD281004910049386F /* Resources */ = {
			isa = PBXResourcesBuildPhase;
			buildActionMask = 2147483647;
			files = (
				E0A9D8842837E6780041637B /* logo_signUp.png in Resources */,
				E0B4BF692838FBF4007DA85E /* InfoPlist.strings in Resources */,
				E07D55DF281004930049386F /* LaunchScreen.storyboard in Resources */,
				E0A0FECC2828C8510035386D /* GoogleService-Info.plist in Resources */,
				E0B4BF662838F87D007DA85E /* logo_3x.png in Resources */,
				E0A9D8882837E6780041637B /* logo_full.png in Resources */,
				E0A9D86A28364ED20041637B /* Login.storyboard in Resources */,
				E0A9D8852837E6780041637B /* back.jpg in Resources */,
				E0B4BF602838EEEF007DA85E /* logo_full_white.png in Resources */,
				E0A9D87B2837DCD70041637B /* apple.jpg in Resources */,
				E0A9D8862837E6780041637B /* logo.png in Resources */,
				E07D55DC281004930049386F /* Assets.xcassets in Resources */,
				E0B4BF652838F87D007DA85E /* logo_2x.png in Resources */,
				E0A9D8872837E6780041637B /* plusBtn.png in Resources */,
				E07D55DA281004910049386F /* Main.storyboard in Resources */,
				E0B4BF5C2838E951007DA85E /* logout.png in Resources */,
			);
			runOnlyForDeploymentPostprocessing = 0;
		};
/* End PBXResourcesBuildPhase section */

/* Begin PBXShellScriptBuildPhase section */
		16F64A6FB07278898ADEFBB4 /* [CP] Embed Pods Frameworks */ = {
			isa = PBXShellScriptBuildPhase;
			buildActionMask = 2147483647;
			files = (
			);
			inputFileListPaths = (
				"${PODS_ROOT}/Target Support Files/Pods-project-1971082/Pods-project-1971082-frameworks-${CONFIGURATION}-input-files.xcfilelist",
			);
			name = "[CP] Embed Pods Frameworks";
			outputFileListPaths = (
				"${PODS_ROOT}/Target Support Files/Pods-project-1971082/Pods-project-1971082-frameworks-${CONFIGURATION}-output-files.xcfilelist",
			);
			runOnlyForDeploymentPostprocessing = 0;
			shellPath = /bin/sh;
			shellScript = "\"${PODS_ROOT}/Target Support Files/Pods-project-1971082/Pods-project-1971082-frameworks.sh\"\n";
			showEnvVarsInLog = 0;
		};
		628D97B195A36549BAA8CB60 /* [CP] Check Pods Manifest.lock */ = {
			isa = PBXShellScriptBuildPhase;
			buildActionMask = 2147483647;
			files = (
			);
			inputFileListPaths = (
			);
			inputPaths = (
				"${PODS_PODFILE_DIR_PATH}/Podfile.lock",
				"${PODS_ROOT}/Manifest.lock",
			);
			name = "[CP] Check Pods Manifest.lock";
			outputFileListPaths = (
			);
			outputPaths = (
				"$(DERIVED_FILE_DIR)/Pods-project-1971082-checkManifestLockResult.txt",
			);
			runOnlyForDeploymentPostprocessing = 0;
			shellPath = /bin/sh;
			shellScript = "diff \"${PODS_PODFILE_DIR_PATH}/Podfile.lock\" \"${PODS_ROOT}/Manifest.lock\" > /dev/null\nif [ $? != 0 ] ; then\n    # print error to STDERR\n    echo \"error: The sandbox is not in sync with the Podfile.lock. Run 'pod install' or update your CocoaPods installation.\" >&2\n    exit 1\nfi\n# This output is used by Xcode 'outputs' to avoid re-running this script phase.\necho \"SUCCESS\" > \"${SCRIPT_OUTPUT_FILE_0}\"\n";
			showEnvVarsInLog = 0;
		};
/* End PBXShellScriptBuildPhase section */

/* Begin PBXSourcesBuildPhase section */
		E07D55CB281004910049386F /* Sources */ = {
			isa = PBXSourcesBuildPhase;
			buildActionMask = 2147483647;
			files = (
				E07D55EB2810084E0049386F /* Database.swift in Sources */,
				E0A80F41282281CC0088F482 /* ImageCollectionViewCell.swift in Sources */,
				E0A9D86E28373B7A0041637B /* ExtendedArray.swift in Sources */,
				E07D55D7281004910049386F /* PlanGroupViewController.swift in Sources */,
				E07D55E9281006280049386F /* Plan.swift in Sources */,
				E0F972C828292A540028B47F /* DbFirebase.swift in Sources */,
				E0A80F43282283800088F482 /* AlbumDetailViewController.swift in Sources */,
				E07D91B228101B0600D6D8DA /* ExtendedDate.swift in Sources */,
				E0A9D86C28364F3D0041637B /* SignupViewController.swift in Sources */,
				E07D55D3281004910049386F /* AppDelegate.swift in Sources */,
				E07D55E72810058A0049386F /* PlanGroup.swift in Sources */,
				E07D55D5281004910049386F /* SceneDelegate.swift in Sources */,
				E0A9D8682836467E0041637B /* LoginViewController.swift in Sources */,
				E0C2346D2837F36D00B73D99 /* ExtendedUIImage.swift in Sources */,
				E0FEC71A281A336200C9F042 /* PlanDetailViewController.swift in Sources */,
			);
			runOnlyForDeploymentPostprocessing = 0;
		};
/* End PBXSourcesBuildPhase section */

/* Begin PBXVariantGroup section */
		E07D55D8281004910049386F /* Main.storyboard */ = {
			isa = PBXVariantGroup;
			children = (
				E07D55D9281004910049386F /* Base */,
				E0B4BF70283904AC007DA85E /* ko */,
			);
			name = Main.storyboard;
			sourceTree = "<group>";
		};
		E07D55DD281004930049386F /* LaunchScreen.storyboard */ = {
			isa = PBXVariantGroup;
			children = (
				E07D55DE281004930049386F /* Base */,
				E0B4BF6F283904AC007DA85E /* ko */,
			);
			name = LaunchScreen.storyboard;
			sourceTree = "<group>";
		};
		E0B4BF6B2838FBF4007DA85E /* InfoPlist.strings */ = {
			isa = PBXVariantGroup;
			children = (
				E0B4BF6A2838FBF4007DA85E /* en */,
				E0B4BF71283904B9007DA85E /* ko */,
			);
			name = InfoPlist.strings;
			sourceTree = "<group>";
		};
/* End PBXVariantGroup section */

/* Begin XCBuildConfiguration section */
		E07D55E1281004930049386F /* Debug */ = {
			isa = XCBuildConfiguration;
			buildSettings = {
				ALWAYS_SEARCH_USER_PATHS = NO;
				CLANG_ANALYZER_LOCALIZABILITY_NONLOCALIZED = YES;
				CLANG_ANALYZER_NONNULL = YES;
				CLANG_ANALYZER_NUMBER_OBJECT_CONVERSION = YES_AGGRESSIVE;
				CLANG_CXX_LANGUAGE_STANDARD = "gnu++17";
				CLANG_ENABLE_MODULES = YES;
				CLANG_ENABLE_OBJC_ARC = YES;
				CLANG_ENABLE_OBJC_WEAK = YES;
				CLANG_WARN_BLOCK_CAPTURE_AUTORELEASING = YES;
				CLANG_WARN_BOOL_CONVERSION = YES;
				CLANG_WARN_COMMA = YES;
				CLANG_WARN_CONSTANT_CONVERSION = YES;
				CLANG_WARN_DEPRECATED_OBJC_IMPLEMENTATIONS = YES;
				CLANG_WARN_DIRECT_OBJC_ISA_USAGE = YES_ERROR;
				CLANG_WARN_DOCUMENTATION_COMMENTS = YES;
				CLANG_WARN_EMPTY_BODY = YES;
				CLANG_WARN_ENUM_CONVERSION = YES;
				CLANG_WARN_INFINITE_RECURSION = YES;
				CLANG_WARN_INT_CONVERSION = YES;
				CLANG_WARN_NON_LITERAL_NULL_CONVERSION = YES;
				CLANG_WARN_OBJC_IMPLICIT_RETAIN_SELF = YES;
				CLANG_WARN_OBJC_LITERAL_CONVERSION = YES;
				CLANG_WARN_OBJC_ROOT_CLASS = YES_ERROR;
				CLANG_WARN_QUOTED_INCLUDE_IN_FRAMEWORK_HEADER = YES;
				CLANG_WARN_RANGE_LOOP_ANALYSIS = YES;
				CLANG_WARN_STRICT_PROTOTYPES = YES;
				CLANG_WARN_SUSPICIOUS_MOVE = YES;
				CLANG_WARN_UNGUARDED_AVAILABILITY = YES_AGGRESSIVE;
				CLANG_WARN_UNREACHABLE_CODE = YES;
				CLANG_WARN__DUPLICATE_METHOD_MATCH = YES;
				COPY_PHASE_STRIP = NO;
				DEBUG_INFORMATION_FORMAT = dwarf;
				ENABLE_STRICT_OBJC_MSGSEND = YES;
				ENABLE_TESTABILITY = YES;
				GCC_C_LANGUAGE_STANDARD = gnu11;
				GCC_DYNAMIC_NO_PIC = NO;
				GCC_NO_COMMON_BLOCKS = YES;
				GCC_OPTIMIZATION_LEVEL = 0;
				GCC_PREPROCESSOR_DEFINITIONS = (
					"DEBUG=1",
					"$(inherited)",
				);
				GCC_WARN_64_TO_32_BIT_CONVERSION = YES;
				GCC_WARN_ABOUT_RETURN_TYPE = YES_ERROR;
				GCC_WARN_UNDECLARED_SELECTOR = YES;
				GCC_WARN_UNINITIALIZED_AUTOS = YES_AGGRESSIVE;
				GCC_WARN_UNUSED_FUNCTION = YES;
				GCC_WARN_UNUSED_VARIABLE = YES;
				IPHONEOS_DEPLOYMENT_TARGET = 15.4;
				MTL_ENABLE_DEBUG_INFO = INCLUDE_SOURCE;
				MTL_FAST_MATH = YES;
				ONLY_ACTIVE_ARCH = YES;
				SDKROOT = iphoneos;
				SWIFT_ACTIVE_COMPILATION_CONDITIONS = DEBUG;
				SWIFT_OPTIMIZATION_LEVEL = "-Onone";
			};
			name = Debug;
		};
		E07D55E2281004930049386F /* Release */ = {
			isa = XCBuildConfiguration;
			buildSettings = {
				ALWAYS_SEARCH_USER_PATHS = NO;
				CLANG_ANALYZER_LOCALIZABILITY_NONLOCALIZED = YES;
				CLANG_ANALYZER_NONNULL = YES;
				CLANG_ANALYZER_NUMBER_OBJECT_CONVERSION = YES_AGGRESSIVE;
				CLANG_CXX_LANGUAGE_STANDARD = "gnu++17";
				CLANG_ENABLE_MODULES = YES;
				CLANG_ENABLE_OBJC_ARC = YES;
				CLANG_ENABLE_OBJC_WEAK = YES;
				CLANG_WARN_BLOCK_CAPTURE_AUTORELEASING = YES;
				CLANG_WARN_BOOL_CONVERSION = YES;
				CLANG_WARN_COMMA = YES;
				CLANG_WARN_CONSTANT_CONVERSION = YES;
				CLANG_WARN_DEPRECATED_OBJC_IMPLEMENTATIONS = YES;
				CLANG_WARN_DIRECT_OBJC_ISA_USAGE = YES_ERROR;
				CLANG_WARN_DOCUMENTATION_COMMENTS = YES;
				CLANG_WARN_EMPTY_BODY = YES;
				CLANG_WARN_ENUM_CONVERSION = YES;
				CLANG_WARN_INFINITE_RECURSION = YES;
				CLANG_WARN_INT_CONVERSION = YES;
				CLANG_WARN_NON_LITERAL_NULL_CONVERSION = YES;
				CLANG_WARN_OBJC_IMPLICIT_RETAIN_SELF = YES;
				CLANG_WARN_OBJC_LITERAL_CONVERSION = YES;
				CLANG_WARN_OBJC_ROOT_CLASS = YES_ERROR;
				CLANG_WARN_QUOTED_INCLUDE_IN_FRAMEWORK_HEADER = YES;
				CLANG_WARN_RANGE_LOOP_ANALYSIS = YES;
				CLANG_WARN_STRICT_PROTOTYPES = YES;
				CLANG_WARN_SUSPICIOUS_MOVE = YES;
				CLANG_WARN_UNGUARDED_AVAILABILITY = YES_AGGRESSIVE;
				CLANG_WARN_UNREACHABLE_CODE = YES;
				CLANG_WARN__DUPLICATE_METHOD_MATCH = YES;
				COPY_PHASE_STRIP = NO;
				DEBUG_INFORMATION_FORMAT = "dwarf-with-dsym";
				ENABLE_NS_ASSERTIONS = NO;
				ENABLE_STRICT_OBJC_MSGSEND = YES;
				GCC_C_LANGUAGE_STANDARD = gnu11;
				GCC_NO_COMMON_BLOCKS = YES;
				GCC_WARN_64_TO_32_BIT_CONVERSION = YES;
				GCC_WARN_ABOUT_RETURN_TYPE = YES_ERROR;
				GCC_WARN_UNDECLARED_SELECTOR = YES;
				GCC_WARN_UNINITIALIZED_AUTOS = YES_AGGRESSIVE;
				GCC_WARN_UNUSED_FUNCTION = YES;
				GCC_WARN_UNUSED_VARIABLE = YES;
				IPHONEOS_DEPLOYMENT_TARGET = 15.4;
				MTL_ENABLE_DEBUG_INFO = NO;
				MTL_FAST_MATH = YES;
				SDKROOT = iphoneos;
				SWIFT_COMPILATION_MODE = wholemodule;
				SWIFT_OPTIMIZATION_LEVEL = "-O";
				VALIDATE_PRODUCT = YES;
			};
			name = Release;
		};
		E07D55E4281004930049386F /* Debug */ = {
			isa = XCBuildConfiguration;
			baseConfigurationReference = 44E271CDEC287197A5A680EE /* Pods-project-1971082.debug.xcconfig */;
			buildSettings = {
				ASSETCATALOG_COMPILER_APPICON_NAME = AppIcon;
				ASSETCATALOG_COMPILER_GLOBAL_ACCENT_COLOR_NAME = AccentColor;
				CODE_SIGN_STYLE = Automatic;
				CURRENT_PROJECT_VERSION = 1;
				GENERATE_INFOPLIST_FILE = YES;
				INFOPLIST_FILE = "project-소스코드-1971082-김다연/Info.plist";
				INFOPLIST_KEY_NSPhotoLibraryUsageDescription = "공유 앨범을 만들기 위해 사진 접근 권한이 필요합니다.";
				INFOPLIST_KEY_UIApplicationSupportsIndirectInputEvents = YES;
				INFOPLIST_KEY_UILaunchStoryboardName = LaunchScreen;
				INFOPLIST_KEY_UIMainStoryboardFile = Main;
				INFOPLIST_KEY_UISupportedInterfaceOrientations_iPad = "UIInterfaceOrientationPortrait UIInterfaceOrientationPortraitUpsideDown UIInterfaceOrientationLandscapeLeft UIInterfaceOrientationLandscapeRight";
				INFOPLIST_KEY_UISupportedInterfaceOrientations_iPhone = "UIInterfaceOrientationPortrait UIInterfaceOrientationLandscapeLeft UIInterfaceOrientationLandscapeRight";
				LD_RUNPATH_SEARCH_PATHS = (
					"$(inherited)",
					"@executable_path/Frameworks",
				);
				MARKETING_VERSION = 1.0;
				PRODUCT_BUNDLE_IDENTIFIER = "dykim.hansung.ac.kr.project-1971082";
				PRODUCT_NAME = "$(TARGET_NAME)";
				SWIFT_EMIT_LOC_STRINGS = YES;
				SWIFT_VERSION = 5.0;
				TARGETED_DEVICE_FAMILY = "1,2";
			};
			name = Debug;
		};
		E07D55E5281004930049386F /* Release */ = {
			isa = XCBuildConfiguration;
			baseConfigurationReference = FFC632C909B3B7C3259E3F04 /* Pods-project-1971082.release.xcconfig */;
			buildSettings = {
				ASSETCATALOG_COMPILER_APPICON_NAME = AppIcon;
				ASSETCATALOG_COMPILER_GLOBAL_ACCENT_COLOR_NAME = AccentColor;
				CODE_SIGN_STYLE = Automatic;
				CURRENT_PROJECT_VERSION = 1;
				GENERATE_INFOPLIST_FILE = YES;
				INFOPLIST_FILE = "project-소스코드-1971082-김다연/Info.plist";
				INFOPLIST_KEY_NSPhotoLibraryUsageDescription = "공유 앨범을 만들기 위해 사진 접근 권한이 필요합니다.";
				INFOPLIST_KEY_UIApplicationSupportsIndirectInputEvents = YES;
				INFOPLIST_KEY_UILaunchStoryboardName = LaunchScreen;
				INFOPLIST_KEY_UIMainStoryboardFile = Main;
				INFOPLIST_KEY_UISupportedInterfaceOrientations_iPad = "UIInterfaceOrientationPortrait UIInterfaceOrientationPortraitUpsideDown UIInterfaceOrientationLandscapeLeft UIInterfaceOrientationLandscapeRight";
				INFOPLIST_KEY_UISupportedInterfaceOrientations_iPhone = "UIInterfaceOrientationPortrait UIInterfaceOrientationLandscapeLeft UIInterfaceOrientationLandscapeRight";
				LD_RUNPATH_SEARCH_PATHS = (
					"$(inherited)",
					"@executable_path/Frameworks",
				);
				MARKETING_VERSION = 1.0;
				PRODUCT_BUNDLE_IDENTIFIER = "dykim.hansung.ac.kr.project-1971082";
				PRODUCT_NAME = "$(TARGET_NAME)";
				SWIFT_EMIT_LOC_STRINGS = YES;
				SWIFT_VERSION = 5.0;
				TARGETED_DEVICE_FAMILY = "1,2";
			};
			name = Release;
		};
/* End XCBuildConfiguration section */

/* Begin XCConfigurationList section */
		E07D55CA281004910049386F /* Build configuration list for PBXProject "project-소스코드-1971082-김다연" */ = {
			isa = XCConfigurationList;
			buildConfigurations = (
				E07D55E1281004930049386F /* Debug */,
				E07D55E2281004930049386F /* Release */,
			);
			defaultConfigurationIsVisible = 0;
			defaultConfigurationName = Release;
		};
		E07D55E3281004930049386F /* Build configuration list for PBXNativeTarget "project-소스코드-1971082-김다연" */ = {
			isa = XCConfigurationList;
			buildConfigurations = (
				E07D55E4281004930049386F /* Debug */,
				E07D55E5281004930049386F /* Release */,
			);
			defaultConfigurationIsVisible = 0;
			defaultConfigurationName = Release;
		};
/* End XCConfigurationList section */
	};
	rootObject = E07D55C7281004910049386F /* Project object */;
}
